
Microsoft Visual Studio Solution File, Format Version 12.00
# Visual Studio Version 16
VisualStudioVersion = 16.0.32228.343
MinimumVisualStudioVersion = 10.0.40219.1
Project("{2150E333-8FDC-42A3-9474-1A3956D46DE8}") = "Services", "Services", "{A0081738-55C1-4E64-B7BD-045835DB786B}"
EndProject
Project("{2150E333-8FDC-42A3-9474-1A3956D46DE8}") = "WebApps", "WebApps", "{A98C195A-D50D-4465-803D-1D1980FB8C61}"
EndProject
Project("{2150E333-8FDC-42A3-9474-1A3956D46DE8}") = "Cadastros", "Cadastros", "{99834E2B-1908-4B36-934D-FA8F8CE26C5E}"
EndProject
Project("{2150E333-8FDC-42A3-9474-1A3956D46DE8}") = "Catalogo", "Catalogo", "{6CC0F199-16C7-4BE4-B611-1420DD03834A}"
EndProject
Project("{2150E333-8FDC-42A3-9474-1A3956D46DE8}") = "Core", "Core", "{DB57BBA2-1F39-4C7D-940E-885D443B80F4}"
EndProject
Project("{2150E333-8FDC-42A3-9474-1A3956D46DE8}") = "Fiscal", "Fiscal", "{67571284-7F43-4DFD-AF93-0095FD412600}"
EndProject
Project("{2150E333-8FDC-42A3-9474-1A3956D46DE8}") = "Pagamentos", "Pagamentos", "{A1FF9168-FF68-41CE-B40C-F61044A2C04B}"
EndProject
Project("{2150E333-8FDC-42A3-9474-1A3956D46DE8}") = "Vendas", "Vendas", "{D010A066-E73B-4CEC-A431-88FA1A0827B2}"
EndProject
Project("{9A19103F-16F7-4668-BE54-9A1E7A4F7556}") = "Capoia.Catalogo.Domain", "src\Capoia.Catalogo.Domain\Capoia.Catalogo.Domain.csproj", "{F616EF01-9359-4FD6-AA7E-B34A628F9274}"
EndProject
Project("{9A19103F-16F7-4668-BE54-9A1E7A4F7556}") = "Capoia.Core", "src\Capoia.Core\Capoia.Core.csproj", "{2EFFA195-7F0F-495A-8056-B49B6A9BFCD6}"
EndProject
Project("{2150E333-8FDC-42A3-9474-1A3956D46DE8}") = "Tests", "Tests", "{ACFB01C8-C0BC-4681-ADE2-CE300A7A37DE}"
EndProject
Project("{9A19103F-16F7-4668-BE54-9A1E7A4F7556}") = "Capoia.Catalogo.Domain.Tests", "tests\Capoia.Catalogo.Domain.Tests\Capoia.Catalogo.Domain.Tests.csproj", "{C6A8FA72-68F8-43F9-9700-392DB00067F6}"
EndProject
Project("{9A19103F-16F7-4668-BE54-9A1E7A4F7556}") = "Capoia.Catalogo.Data", "src\Capoia.Catalogo.Data\Capoia.Catalogo.Data.csproj", "{DCA62A43-0B2B-4028-959F-3F01B946F02E}"
EndProject
Project("{9A19103F-16F7-4668-BE54-9A1E7A4F7556}") = "Capoia.Catalogo.Application", "src\Capoia.Catalogo.Application\Capoia.Catalogo.Application.csproj", "{A97F6EC7-4E2A-4A87-A733-39FA51C94D24}"
EndProject
Project("{9A19103F-16F7-4668-BE54-9A1E7A4F7556}") = "Capoia.WebApp.MVC", "src\Capoia.WebApp.MVC\Capoia.WebApp.MVC.csproj", "{69723DA0-5616-4D06-A40F-578893E5F4FD}"
EndProject
Project("{9A19103F-16F7-4668-BE54-9A1E7A4F7556}") = "CapoiaStore.Vendas.Domain", "src\CapoiaStore.Vendas.Domain\CapoiaStore.Vendas.Domain.csproj", "{66373876-6D65-4942-BAEB-207B4C005223}"
EndProject
Project("{9A19103F-16F7-4668-BE54-9A1E7A4F7556}") = "CapoiaStore.Vendas.Application", "src\CapoiaStore.Vendas.Application\CapoiaStore.Vendas.Application.csproj", "{D91DB08A-0B49-43BC-A7F2-890E554041FF}"
EndProject
Project("{9A19103F-16F7-4668-BE54-9A1E7A4F7556}") = "CapoiaStore.Vendas.Data", "src\CapoiaStore.Vendas.Data\CapoiaStore.Vendas.Data.csproj", "{08A6F51E-D4DD-4F08-BF5E-28E2CA30E68E}"
EndProject
Project("{FAE04EC0-301F-11D3-BF4B-00C04F79EFBC}") = "CapoiaStore.Pagamentos.AntiCorruption", "src\CapoiaStore.Pagamentos.AntiCorruption\CapoiaStore.Pagamentos.AntiCorruption.csproj", "{88B0530B-061D-41FE-9214-A243621A728C}"
EndProject
Project("{FAE04EC0-301F-11D3-BF4B-00C04F79EFBC}") = "CapoiaStore.Pagamentos.Business", "src\CapoiaStore.Pagamentos.Business\CapoiaStore.Pagamentos.Business.csproj", "{AE470B18-77CA-4F36-8AB8-DDEBD34EA7D0}"
EndProject
Project("{FAE04EC0-301F-11D3-BF4B-00C04F79EFBC}") = "CapoiaStore.Pagamentos.Data", "src\CapoiaStore.Pagamentos.Data\CapoiaStore.Pagamentos.Data.csproj", "{0DBD2A7B-FC59-4705-90D0-0E3819C92699}"
EndProject
Global
	GlobalSection(SolutionConfigurationPlatforms) = preSolution
		Debug|Any CPU = Debug|Any CPU
		Release|Any CPU = Release|Any CPU
	EndGlobalSection
	GlobalSection(ProjectConfigurationPlatforms) = postSolution
		{F616EF01-9359-4FD6-AA7E-B34A628F9274}.Debug|Any CPU.ActiveCfg = Debug|Any CPU
		{F616EF01-9359-4FD6-AA7E-B34A628F9274}.Debug|Any CPU.Build.0 = Debug|Any CPU
		{F616EF01-9359-4FD6-AA7E-B34A628F9274}.Release|Any CPU.ActiveCfg = Release|Any CPU
		{F616EF01-9359-4FD6-AA7E-B34A628F9274}.Release|Any CPU.Build.0 = Release|Any CPU
		{2EFFA195-7F0F-495A-8056-B49B6A9BFCD6}.Debug|Any CPU.ActiveCfg = Debug|Any CPU
		{2EFFA195-7F0F-495A-8056-B49B6A9BFCD6}.Debug|Any CPU.Build.0 = Debug|Any CPU
		{2EFFA195-7F0F-495A-8056-B49B6A9BFCD6}.Release|Any CPU.ActiveCfg = Release|Any CPU
		{2EFFA195-7F0F-495A-8056-B49B6A9BFCD6}.Release|Any CPU.Build.0 = Release|Any CPU
		{C6A8FA72-68F8-43F9-9700-392DB00067F6}.Debug|Any CPU.ActiveCfg = Debug|Any CPU
		{C6A8FA72-68F8-43F9-9700-392DB00067F6}.Debug|Any CPU.Build.0 = Debug|Any CPU
		{C6A8FA72-68F8-43F9-9700-392DB00067F6}.Release|Any CPU.ActiveCfg = Release|Any CPU
		{C6A8FA72-68F8-43F9-9700-392DB00067F6}.Release|Any CPU.Build.0 = Release|Any CPU
		{DCA62A43-0B2B-4028-959F-3F01B946F02E}.Debug|Any CPU.ActiveCfg = Debug|Any CPU
		{DCA62A43-0B2B-4028-959F-3F01B946F02E}.Debug|Any CPU.Build.0 = Debug|Any CPU
		{DCA62A43-0B2B-4028-959F-3F01B946F02E}.Release|Any CPU.ActiveCfg = Release|Any CPU
		{DCA62A43-0B2B-4028-959F-3F01B946F02E}.Release|Any CPU.Build.0 = Release|Any CPU
		{A97F6EC7-4E2A-4A87-A733-39FA51C94D24}.Debug|Any CPU.ActiveCfg = Debug|Any CPU
		{A97F6EC7-4E2A-4A87-A733-39FA51C94D24}.Debug|Any CPU.Build.0 = Debug|Any CPU
		{A97F6EC7-4E2A-4A87-A733-39FA51C94D24}.Release|Any CPU.ActiveCfg = Release|Any CPU
		{A97F6EC7-4E2A-4A87-A733-39FA51C94D24}.Release|Any CPU.Build.0 = Release|Any CPU
		{69723DA0-5616-4D06-A40F-578893E5F4FD}.Debug|Any CPU.ActiveCfg = Debug|Any CPU
		{69723DA0-5616-4D06-A40F-578893E5F4FD}.Debug|Any CPU.Build.0 = Debug|Any CPU
		{69723DA0-5616-4D06-A40F-578893E5F4FD}.Release|Any CPU.ActiveCfg = Release|Any CPU
		{69723DA0-5616-4D06-A40F-578893E5F4FD}.Release|Any CPU.Build.0 = Release|Any CPU
		{66373876-6D65-4942-BAEB-207B4C005223}.Debug|Any CPU.ActiveCfg = Debug|Any CPU
		{66373876-6D65-4942-BAEB-207B4C005223}.Debug|Any CPU.Build.0 = Debug|Any CPU
		{66373876-6D65-4942-BAEB-207B4C005223}.Release|Any CPU.ActiveCfg = Release|Any CPU
		{66373876-6D65-4942-BAEB-207B4C005223}.Release|Any CPU.Build.0 = Release|Any CPU
		{D91DB08A-0B49-43BC-A7F2-890E554041FF}.Debug|Any CPU.ActiveCfg = Debug|Any CPU
		{D91DB08A-0B49-43BC-A7F2-890E554041FF}.Debug|Any CPU.Build.0 = Debug|Any CPU
		{D91DB08A-0B49-43BC-A7F2-890E554041FF}.Release|Any CPU.ActiveCfg = Release|Any CPU
		{D91DB08A-0B49-43BC-A7F2-890E554041FF}.Release|Any CPU.Build.0 = Release|Any CPU
		{08A6F51E-D4DD-4F08-BF5E-28E2CA30E68E}.Debug|Any CPU.ActiveCfg = Debug|Any CPU
		{08A6F51E-D4DD-4F08-BF5E-28E2CA30E68E}.Debug|Any CPU.Build.0 = Debug|Any CPU
		{08A6F51E-D4DD-4F08-BF5E-28E2CA30E68E}.Release|Any CPU.ActiveCfg = Release|Any CPU
		{08A6F51E-D4DD-4F08-BF5E-28E2CA30E68E}.Release|Any CPU.Build.0 = Release|Any CPU
		{88B0530B-061D-41FE-9214-A243621A728C}.Debug|Any CPU.ActiveCfg = Debug|Any CPU
		{88B0530B-061D-41FE-9214-A243621A728C}.Debug|Any CPU.Build.0 = Debug|Any CPU
		{88B0530B-061D-41FE-9214-A243621A728C}.Release|Any CPU.ActiveCfg = Release|Any CPU
		{88B0530B-061D-41FE-9214-A243621A728C}.Release|Any CPU.Build.0 = Release|Any CPU
		{AE470B18-77CA-4F36-8AB8-DDEBD34EA7D0}.Debug|Any CPU.ActiveCfg = Debug|Any CPU
		{AE470B18-77CA-4F36-8AB8-DDEBD34EA7D0}.Debug|Any CPU.Build.0 = Debug|Any CPU
		{AE470B18-77CA-4F36-8AB8-DDEBD34EA7D0}.Release|Any CPU.ActiveCfg = Release|Any CPU
		{AE470B18-77CA-4F36-8AB8-DDEBD34EA7D0}.Release|Any CPU.Build.0 = Release|Any CPU
		{0DBD2A7B-FC59-4705-90D0-0E3819C92699}.Debug|Any CPU.ActiveCfg = Debug|Any CPU
		{0DBD2A7B-FC59-4705-90D0-0E3819C92699}.Debug|Any CPU.Build.0 = Debug|Any CPU
		{0DBD2A7B-FC59-4705-90D0-0E3819C92699}.Release|Any CPU.ActiveCfg = Release|Any CPU
		{0DBD2A7B-FC59-4705-90D0-0E3819C92699}.Release|Any CPU.Build.0 = Release|Any CPU
	EndGlobalSection
	GlobalSection(SolutionProperties) = preSolution
		HideSolutionNode = FALSE
	EndGlobalSection
	GlobalSection(NestedProjects) = preSolution
		{99834E2B-1908-4B36-934D-FA8F8CE26C5E} = {A0081738-55C1-4E64-B7BD-045835DB786B}
		{6CC0F199-16C7-4BE4-B611-1420DD03834A} = {A0081738-55C1-4E64-B7BD-045835DB786B}
		{DB57BBA2-1F39-4C7D-940E-885D443B80F4} = {A0081738-55C1-4E64-B7BD-045835DB786B}
		{67571284-7F43-4DFD-AF93-0095FD412600} = {A0081738-55C1-4E64-B7BD-045835DB786B}
		{A1FF9168-FF68-41CE-B40C-F61044A2C04B} = {A0081738-55C1-4E64-B7BD-045835DB786B}
		{D010A066-E73B-4CEC-A431-88FA1A0827B2} = {A0081738-55C1-4E64-B7BD-045835DB786B}
		{F616EF01-9359-4FD6-AA7E-B34A628F9274} = {6CC0F199-16C7-4BE4-B611-1420DD03834A}
		{2EFFA195-7F0F-495A-8056-B49B6A9BFCD6} = {DB57BBA2-1F39-4C7D-940E-885D443B80F4}
		{ACFB01C8-C0BC-4681-ADE2-CE300A7A37DE} = {6CC0F199-16C7-4BE4-B611-1420DD03834A}
		{C6A8FA72-68F8-43F9-9700-392DB00067F6} = {ACFB01C8-C0BC-4681-ADE2-CE300A7A37DE}
		{DCA62A43-0B2B-4028-959F-3F01B946F02E} = {6CC0F199-16C7-4BE4-B611-1420DD03834A}
		{A97F6EC7-4E2A-4A87-A733-39FA51C94D24} = {6CC0F199-16C7-4BE4-B611-1420DD03834A}
		{69723DA0-5616-4D06-A40F-578893E5F4FD} = {A98C195A-D50D-4465-803D-1D1980FB8C61}
		{66373876-6D65-4942-BAEB-207B4C005223} = {D010A066-E73B-4CEC-A431-88FA1A0827B2}
		{D91DB08A-0B49-43BC-A7F2-890E554041FF} = {D010A066-E73B-4CEC-A431-88FA1A0827B2}
		{08A6F51E-D4DD-4F08-BF5E-28E2CA30E68E} = {D010A066-E73B-4CEC-A431-88FA1A0827B2}
		{88B0530B-061D-41FE-9214-A243621A728C} = {A1FF9168-FF68-41CE-B40C-F61044A2C04B}
		{AE470B18-77CA-4F36-8AB8-DDEBD34EA7D0} = {A1FF9168-FF68-41CE-B40C-F61044A2C04B}
		{0DBD2A7B-FC59-4705-90D0-0E3819C92699} = {A1FF9168-FF68-41CE-B40C-F61044A2C04B}
	EndGlobalSection
	GlobalSection(ExtensibilityGlobals) = postSolution
		SolutionGuid = {90063682-1019-41B2-80D9-FD9BBE99E011}
	EndGlobalSection
EndGlobal
